// !$*UTF8*$!
{
	archiveVersion = 1;
	classes = {
	};
	objectVersion = 52;
	objects = {

/* Begin PBXBuildFile section */
		FF1C377E261A47DB00DF4BBB /* AppDelegate.swift in Sources */ = {isa = PBXBuildFile; fileRef = FF1C377D261A47DB00DF4BBB /* AppDelegate.swift */; };
		FF1C3780261A47DB00DF4BBB /* SceneDelegate.swift in Sources */ = {isa = PBXBuildFile; fileRef = FF1C377F261A47DB00DF4BBB /* SceneDelegate.swift */; };
		FF1C3782261A47DB00DF4BBB /* MainFaithViewController.swift in Sources */ = {isa = PBXBuildFile; fileRef = FF1C3781261A47DB00DF4BBB /* MainFaithViewController.swift */; };
		FF1C3787261A47DC00DF4BBB /* Assets.xcassets in Resources */ = {isa = PBXBuildFile; fileRef = FF1C3786261A47DC00DF4BBB /* Assets.xcassets */; };
		FF1C378A261A47DC00DF4BBB /* LaunchScreen.storyboard in Resources */ = {isa = PBXBuildFile; fileRef = FF1C3788261A47DC00DF4BBB /* LaunchScreen.storyboard */; };
		FF1C3795261A47DC00DF4BBB /* FaithTests.swift in Sources */ = {isa = PBXBuildFile; fileRef = FF1C3794261A47DC00DF4BBB /* FaithTests.swift */; };
		FF1C37A0261A47DC00DF4BBB /* FaithUITests.swift in Sources */ = {isa = PBXBuildFile; fileRef = FF1C379F261A47DC00DF4BBB /* FaithUITests.swift */; };
		FF1C37FD261A667800DF4BBB /* RosaryViewController.swift in Sources */ = {isa = PBXBuildFile; fileRef = FF1C37FC261A667800DF4BBB /* RosaryViewController.swift */; };
		FF1C3807261B4CFB00DF4BBB /* SnapKit.xcframework in Frameworks */ = {isa = PBXBuildFile; fileRef = FF1C37BF261A55B700DF4BBB /* SnapKit.xcframework */; };
		FF1C3808261B4CFB00DF4BBB /* SnapKit.xcframework in Embed Frameworks */ = {isa = PBXBuildFile; fileRef = FF1C37BF261A55B700DF4BBB /* SnapKit.xcframework */; settings = {ATTRIBUTES = (CodeSignOnCopy, RemoveHeadersOnCopy, ); }; };
		FF1C3812261B4D1300DF4BBB /* RxSwift.xcframework in Frameworks */ = {isa = PBXBuildFile; fileRef = FF1C37C6261A560400DF4BBB /* RxSwift.xcframework */; };
		FF1C3813261B4D1300DF4BBB /* RxSwift.xcframework in Embed Frameworks */ = {isa = PBXBuildFile; fileRef = FF1C37C6261A560400DF4BBB /* RxSwift.xcframework */; settings = {ATTRIBUTES = (CodeSignOnCopy, RemoveHeadersOnCopy, ); }; };
		FF1C381C261B4D4400DF4BBB /* RxRelay.xcframework in Frameworks */ = {isa = PBXBuildFile; fileRef = FF1C37C7261A560400DF4BBB /* RxRelay.xcframework */; };
		FF1C381D261B4D4400DF4BBB /* RxRelay.xcframework in Embed Frameworks */ = {isa = PBXBuildFile; fileRef = FF1C37C7261A560400DF4BBB /* RxRelay.xcframework */; settings = {ATTRIBUTES = (CodeSignOnCopy, RemoveHeadersOnCopy, ); }; };
		FF1C3826261B4D6B00DF4BBB /* RxCocoa.xcframework in Frameworks */ = {isa = PBXBuildFile; fileRef = FF1C37C5261A560400DF4BBB /* RxCocoa.xcframework */; };
		FF1C3827261B4D6B00DF4BBB /* RxCocoa.xcframework in Embed Frameworks */ = {isa = PBXBuildFile; fileRef = FF1C37C5261A560400DF4BBB /* RxCocoa.xcframework */; settings = {ATTRIBUTES = (CodeSignOnCopy, RemoveHeadersOnCopy, ); }; };
		FF1C382C261B56EC00DF4BBB /* BibleModel.swift in Sources */ = {isa = PBXBuildFile; fileRef = FF1C382B261B56EC00DF4BBB /* BibleModel.swift */; };
		FF1C3833261B591000DF4BBB /* t_kjv.json in Resources */ = {isa = PBXBuildFile; fileRef = FF1C3832261B591000DF4BBB /* t_kjv.json */; };
		FF5E5258261B7D460048E786 /* BibleDataSourceInterface.swift in Sources */ = {isa = PBXBuildFile; fileRef = FF5E5257261B7D460048E786 /* BibleDataSourceInterface.swift */; };
		FF5E525C261B7D6E0048E786 /* BibleDataSource.swift in Sources */ = {isa = PBXBuildFile; fileRef = FF5E525B261B7D6E0048E786 /* BibleDataSource.swift */; };
		FF5E5262261B7EBC0048E786 /* t_bbe.json in Resources */ = {isa = PBXBuildFile; fileRef = FF5E5260261B7EBC0048E786 /* t_bbe.json */; };
		FF5E5263261B7EBC0048E786 /* t_asv.json in Resources */ = {isa = PBXBuildFile; fileRef = FF5E5261261B7EBC0048E786 /* t_asv.json */; };
		FF5E5268261B7ECD0048E786 /* t_web.json in Resources */ = {isa = PBXBuildFile; fileRef = FF5E5266261B7ECD0048E786 /* t_web.json */; };
		FF5E5269261B7ECD0048E786 /* t_ylt.json in Resources */ = {isa = PBXBuildFile; fileRef = FF5E5267261B7ECD0048E786 /* t_ylt.json */; };
		FF5E526D261B80DE0048E786 /* BibleTranslationModel.swift in Sources */ = {isa = PBXBuildFile; fileRef = FF5E526C261B80DE0048E786 /* BibleTranslationModel.swift */; };
		FF5E5271261B81B80048E786 /* bible_version_key.json in Resources */ = {isa = PBXBuildFile; fileRef = FF5E5270261B81B80048E786 /* bible_version_key.json */; };
		FF5E5275261B86B80048E786 /* BibleBooksModel.swift in Sources */ = {isa = PBXBuildFile; fileRef = FF5E5274261B86B80048E786 /* BibleBooksModel.swift */; };
		FF5E5279261B88A60048E786 /* key_english.json in Resources */ = {isa = PBXBuildFile; fileRef = FF5E5278261B88A60048E786 /* key_english.json */; };
		FF5E527D261B89340048E786 /* BibleGenreModel.swift in Sources */ = {isa = PBXBuildFile; fileRef = FF5E527C261B89340048E786 /* BibleGenreModel.swift */; };
		FF5E5281261B8A2A0048E786 /* key_genre_english.json in Resources */ = {isa = PBXBuildFile; fileRef = FF5E5280261B8A2A0048E786 /* key_genre_english.json */; };
		FF5E5285261B91240048E786 /* LoadData.swift in Sources */ = {isa = PBXBuildFile; fileRef = FF5E5284261B91240048E786 /* LoadData.swift */; };
		FF7B35AD261B9FE30013A77E /* AppSettings.swift in Sources */ = {isa = PBXBuildFile; fileRef = FF7B35AC261B9FE30013A77E /* AppSettings.swift */; };
		FF7B35B4261BA4480013A77E /* BibleViewController.swift in Sources */ = {isa = PBXBuildFile; fileRef = FF7B35B3261BA4480013A77E /* BibleViewController.swift */; };
		FF7B35BA261BA5CF0013A77E /* BibleInterfaces.swift in Sources */ = {isa = PBXBuildFile; fileRef = FF7B35B9261BA5CF0013A77E /* BibleInterfaces.swift */; };
		FF7B35BE261BA5E10013A77E /* BiblePresenter.swift in Sources */ = {isa = PBXBuildFile; fileRef = FF7B35BD261BA5E10013A77E /* BiblePresenter.swift */; };
		FF7B35C2261BA5F20013A77E /* BibleRouter.swift in Sources */ = {isa = PBXBuildFile; fileRef = FF7B35C1261BA5F20013A77E /* BibleRouter.swift */; };
		FF7B35C6261BA6080013A77E /* BibleInteractor.swift in Sources */ = {isa = PBXBuildFile; fileRef = FF7B35C5261BA6080013A77E /* BibleInteractor.swift */; };
		FF7B35CA261BA61A0013A77E /* BibleConfigurator.swift in Sources */ = {isa = PBXBuildFile; fileRef = FF7B35C9261BA61A0013A77E /* BibleConfigurator.swift */; };
		FF7B35CE261BA6790013A77E /* BibleView.swift in Sources */ = {isa = PBXBuildFile; fileRef = FF7B35CD261BA6790013A77E /* BibleView.swift */; };
		FF9C42AE2622585E004E1ABB /* GenreBooksTableCellView.swift in Sources */ = {isa = PBXBuildFile; fileRef = FF9C42AD2622585E004E1ABB /* GenreBooksTableCellView.swift */; };
		FF9C42B426237543004E1ABB /* BibleNavigatorController.swift in Sources */ = {isa = PBXBuildFile; fileRef = FF9C42B326237543004E1ABB /* BibleNavigatorController.swift */; };
		FF9C42BA26237902004E1ABB /* GenreBooksSectionHeaderView.swift in Sources */ = {isa = PBXBuildFile; fileRef = FF9C42B926237902004E1ABB /* GenreBooksSectionHeaderView.swift */; };
		FF9C42BF26237DB3004E1ABB /* FaithFonts.swift in Sources */ = {isa = PBXBuildFile; fileRef = FF9C42BE26237DB3004E1ABB /* FaithFonts.swift */; };
		FF9C42C5262B590C004E1ABB /* RxGesture.xcframework in Frameworks */ = {isa = PBXBuildFile; fileRef = FF9C42C4262B590C004E1ABB /* RxGesture.xcframework */; };
		FF9C42C6262B590C004E1ABB /* RxGesture.xcframework in Embed Frameworks */ = {isa = PBXBuildFile; fileRef = FF9C42C4262B590C004E1ABB /* RxGesture.xcframework */; settings = {ATTRIBUTES = (CodeSignOnCopy, RemoveHeadersOnCopy, ); }; };
		FF9DC824261CA23B0010A339 /* AppInitializator.swift in Sources */ = {isa = PBXBuildFile; fileRef = FF9DC823261CA23B0010A339 /* AppInitializator.swift */; };
/* End PBXBuildFile section */

/* Begin PBXContainerItemProxy section */
		FF1C3791261A47DC00DF4BBB /* PBXContainerItemProxy */ = {
			isa = PBXContainerItemProxy;
			containerPortal = FF1C3772261A47DB00DF4BBB /* Project object */;
			proxyType = 1;
			remoteGlobalIDString = FF1C3779261A47DB00DF4BBB;
			remoteInfo = Faith;
		};
		FF1C379C261A47DC00DF4BBB /* PBXContainerItemProxy */ = {
			isa = PBXContainerItemProxy;
			containerPortal = FF1C3772261A47DB00DF4BBB /* Project object */;
			proxyType = 1;
			remoteGlobalIDString = FF1C3779261A47DB00DF4BBB;
			remoteInfo = Faith;
		};
/* End PBXContainerItemProxy section */

/* Begin PBXCopyFilesBuildPhase section */
		FF1C3809261B4CFB00DF4BBB /* Embed Frameworks */ = {
			isa = PBXCopyFilesBuildPhase;
			buildActionMask = 2147483647;
			dstPath = "";
			dstSubfolderSpec = 10;
			files = (
				FF9C42C6262B590C004E1ABB /* RxGesture.xcframework in Embed Frameworks */,
				FF1C381D261B4D4400DF4BBB /* RxRelay.xcframework in Embed Frameworks */,
				FF1C3827261B4D6B00DF4BBB /* RxCocoa.xcframework in Embed Frameworks */,
				FF1C3813261B4D1300DF4BBB /* RxSwift.xcframework in Embed Frameworks */,
				FF1C3808261B4CFB00DF4BBB /* SnapKit.xcframework in Embed Frameworks */,
			);
			name = "Embed Frameworks";
			runOnlyForDeploymentPostprocessing = 0;
		};
/* End PBXCopyFilesBuildPhase section */

/* Begin PBXFileReference section */
		FF1C377A261A47DB00DF4BBB /* Faith.app */ = {isa = PBXFileReference; explicitFileType = wrapper.application; includeInIndex = 0; path = Faith.app; sourceTree = BUILT_PRODUCTS_DIR; };
		FF1C377D261A47DB00DF4BBB /* AppDelegate.swift */ = {isa = PBXFileReference; lastKnownFileType = sourcecode.swift; path = AppDelegate.swift; sourceTree = "<group>"; };
		FF1C377F261A47DB00DF4BBB /* SceneDelegate.swift */ = {isa = PBXFileReference; lastKnownFileType = sourcecode.swift; path = SceneDelegate.swift; sourceTree = "<group>"; };
		FF1C3781261A47DB00DF4BBB /* MainFaithViewController.swift */ = {isa = PBXFileReference; lastKnownFileType = sourcecode.swift; path = MainFaithViewController.swift; sourceTree = "<group>"; };
		FF1C3786261A47DC00DF4BBB /* Assets.xcassets */ = {isa = PBXFileReference; lastKnownFileType = folder.assetcatalog; path = Assets.xcassets; sourceTree = "<group>"; };
		FF1C3789261A47DC00DF4BBB /* Base */ = {isa = PBXFileReference; lastKnownFileType = file.storyboard; name = Base; path = Base.lproj/LaunchScreen.storyboard; sourceTree = "<group>"; };
		FF1C378B261A47DC00DF4BBB /* Info.plist */ = {isa = PBXFileReference; lastKnownFileType = text.plist.xml; path = Info.plist; sourceTree = "<group>"; };
		FF1C3790261A47DC00DF4BBB /* FaithTests.xctest */ = {isa = PBXFileReference; explicitFileType = wrapper.cfbundle; includeInIndex = 0; path = FaithTests.xctest; sourceTree = BUILT_PRODUCTS_DIR; };
		FF1C3794261A47DC00DF4BBB /* FaithTests.swift */ = {isa = PBXFileReference; lastKnownFileType = sourcecode.swift; path = FaithTests.swift; sourceTree = "<group>"; };
		FF1C3796261A47DC00DF4BBB /* Info.plist */ = {isa = PBXFileReference; lastKnownFileType = text.plist.xml; path = Info.plist; sourceTree = "<group>"; };
		FF1C379B261A47DC00DF4BBB /* FaithUITests.xctest */ = {isa = PBXFileReference; explicitFileType = wrapper.cfbundle; includeInIndex = 0; path = FaithUITests.xctest; sourceTree = BUILT_PRODUCTS_DIR; };
		FF1C379F261A47DC00DF4BBB /* FaithUITests.swift */ = {isa = PBXFileReference; lastKnownFileType = sourcecode.swift; path = FaithUITests.swift; sourceTree = "<group>"; };
		FF1C37A1261A47DC00DF4BBB /* Info.plist */ = {isa = PBXFileReference; lastKnownFileType = text.plist.xml; path = Info.plist; sourceTree = "<group>"; };
		FF1C37BF261A55B700DF4BBB /* SnapKit.xcframework */ = {isa = PBXFileReference; lastKnownFileType = wrapper.xcframework; name = SnapKit.xcframework; path = Carthage/Build/SnapKit.xcframework; sourceTree = "<group>"; };
		FF1C37C5261A560400DF4BBB /* RxCocoa.xcframework */ = {isa = PBXFileReference; lastKnownFileType = wrapper.xcframework; name = RxCocoa.xcframework; path = Carthage/Build/RxCocoa.xcframework; sourceTree = "<group>"; };
		FF1C37C6261A560400DF4BBB /* RxSwift.xcframework */ = {isa = PBXFileReference; lastKnownFileType = wrapper.xcframework; name = RxSwift.xcframework; path = Carthage/Build/RxSwift.xcframework; sourceTree = "<group>"; };
		FF1C37C7261A560400DF4BBB /* RxRelay.xcframework */ = {isa = PBXFileReference; lastKnownFileType = wrapper.xcframework; name = RxRelay.xcframework; path = Carthage/Build/RxRelay.xcframework; sourceTree = "<group>"; };
		FF1C37C8261A560400DF4BBB /* RxDataSources.xcframework */ = {isa = PBXFileReference; lastKnownFileType = wrapper.xcframework; name = RxDataSources.xcframework; path = Carthage/Build/RxDataSources.xcframework; sourceTree = "<group>"; };
		FF1C37FC261A667800DF4BBB /* RosaryViewController.swift */ = {isa = PBXFileReference; lastKnownFileType = sourcecode.swift; path = RosaryViewController.swift; sourceTree = "<group>"; };
		FF1C382B261B56EC00DF4BBB /* BibleModel.swift */ = {isa = PBXFileReference; lastKnownFileType = sourcecode.swift; path = BibleModel.swift; sourceTree = "<group>"; };
		FF1C3832261B591000DF4BBB /* t_kjv.json */ = {isa = PBXFileReference; fileEncoding = 4; lastKnownFileType = text.json; path = t_kjv.json; sourceTree = "<group>"; };
		FF5E5257261B7D460048E786 /* BibleDataSourceInterface.swift */ = {isa = PBXFileReference; lastKnownFileType = sourcecode.swift; path = BibleDataSourceInterface.swift; sourceTree = "<group>"; };
		FF5E525B261B7D6E0048E786 /* BibleDataSource.swift */ = {isa = PBXFileReference; lastKnownFileType = sourcecode.swift; path = BibleDataSource.swift; sourceTree = "<group>"; };
		FF5E5260261B7EBC0048E786 /* t_bbe.json */ = {isa = PBXFileReference; fileEncoding = 4; lastKnownFileType = text.json; path = t_bbe.json; sourceTree = "<group>"; };
		FF5E5261261B7EBC0048E786 /* t_asv.json */ = {isa = PBXFileReference; fileEncoding = 4; lastKnownFileType = text.json; path = t_asv.json; sourceTree = "<group>"; };
		FF5E5266261B7ECD0048E786 /* t_web.json */ = {isa = PBXFileReference; fileEncoding = 4; lastKnownFileType = text.json; path = t_web.json; sourceTree = "<group>"; };
		FF5E5267261B7ECD0048E786 /* t_ylt.json */ = {isa = PBXFileReference; fileEncoding = 4; lastKnownFileType = text.json; path = t_ylt.json; sourceTree = "<group>"; };
		FF5E526C261B80DE0048E786 /* BibleTranslationModel.swift */ = {isa = PBXFileReference; lastKnownFileType = sourcecode.swift; path = BibleTranslationModel.swift; sourceTree = "<group>"; };
		FF5E5270261B81B80048E786 /* bible_version_key.json */ = {isa = PBXFileReference; fileEncoding = 4; lastKnownFileType = text.json; path = bible_version_key.json; sourceTree = "<group>"; };
		FF5E5274261B86B80048E786 /* BibleBooksModel.swift */ = {isa = PBXFileReference; lastKnownFileType = sourcecode.swift; path = BibleBooksModel.swift; sourceTree = "<group>"; };
		FF5E5278261B88A60048E786 /* key_english.json */ = {isa = PBXFileReference; fileEncoding = 4; lastKnownFileType = text.json; path = key_english.json; sourceTree = "<group>"; };
		FF5E527C261B89340048E786 /* BibleGenreModel.swift */ = {isa = PBXFileReference; lastKnownFileType = sourcecode.swift; path = BibleGenreModel.swift; sourceTree = "<group>"; };
		FF5E5280261B8A2A0048E786 /* key_genre_english.json */ = {isa = PBXFileReference; fileEncoding = 4; lastKnownFileType = text.json; path = key_genre_english.json; sourceTree = "<group>"; };
		FF5E5284261B91240048E786 /* LoadData.swift */ = {isa = PBXFileReference; lastKnownFileType = sourcecode.swift; path = LoadData.swift; sourceTree = "<group>"; };
		FF7B35AC261B9FE30013A77E /* AppSettings.swift */ = {isa = PBXFileReference; lastKnownFileType = sourcecode.swift; path = AppSettings.swift; sourceTree = "<group>"; };
		FF7B35B3261BA4480013A77E /* BibleViewController.swift */ = {isa = PBXFileReference; lastKnownFileType = sourcecode.swift; path = BibleViewController.swift; sourceTree = "<group>"; };
		FF7B35B9261BA5CF0013A77E /* BibleInterfaces.swift */ = {isa = PBXFileReference; lastKnownFileType = sourcecode.swift; path = BibleInterfaces.swift; sourceTree = "<group>"; };
		FF7B35BD261BA5E10013A77E /* BiblePresenter.swift */ = {isa = PBXFileReference; lastKnownFileType = sourcecode.swift; path = BiblePresenter.swift; sourceTree = "<group>"; };
		FF7B35C1261BA5F20013A77E /* BibleRouter.swift */ = {isa = PBXFileReference; lastKnownFileType = sourcecode.swift; path = BibleRouter.swift; sourceTree = "<group>"; };
		FF7B35C5261BA6080013A77E /* BibleInteractor.swift */ = {isa = PBXFileReference; lastKnownFileType = sourcecode.swift; path = BibleInteractor.swift; sourceTree = "<group>"; };
		FF7B35C9261BA61A0013A77E /* BibleConfigurator.swift */ = {isa = PBXFileReference; lastKnownFileType = sourcecode.swift; path = BibleConfigurator.swift; sourceTree = "<group>"; };
		FF7B35CD261BA6790013A77E /* BibleView.swift */ = {isa = PBXFileReference; lastKnownFileType = sourcecode.swift; path = BibleView.swift; sourceTree = "<group>"; };
		FF9C42AD2622585E004E1ABB /* GenreBooksTableCellView.swift */ = {isa = PBXFileReference; lastKnownFileType = sourcecode.swift; path = GenreBooksTableCellView.swift; sourceTree = "<group>"; };
		FF9C42B326237543004E1ABB /* BibleNavigatorController.swift */ = {isa = PBXFileReference; lastKnownFileType = sourcecode.swift; path = BibleNavigatorController.swift; sourceTree = "<group>"; };
		FF9C42B926237902004E1ABB /* GenreBooksSectionHeaderView.swift */ = {isa = PBXFileReference; lastKnownFileType = sourcecode.swift; path = GenreBooksSectionHeaderView.swift; sourceTree = "<group>"; };
		FF9C42BE26237DB3004E1ABB /* FaithFonts.swift */ = {isa = PBXFileReference; lastKnownFileType = sourcecode.swift; path = FaithFonts.swift; sourceTree = "<group>"; };
		FF9C42C4262B590C004E1ABB /* RxGesture.xcframework */ = {isa = PBXFileReference; lastKnownFileType = wrapper.xcframework; name = RxGesture.xcframework; path = Carthage/Build/RxGesture.xcframework; sourceTree = "<group>"; };
		FF9DC823261CA23B0010A339 /* AppInitializator.swift */ = {isa = PBXFileReference; lastKnownFileType = sourcecode.swift; path = AppInitializator.swift; sourceTree = "<group>"; };
/* End PBXFileReference section */

/* Begin PBXFrameworksBuildPhase section */
		FF1C3777261A47DB00DF4BBB /* Frameworks */ = {
			isa = PBXFrameworksBuildPhase;
			buildActionMask = 2147483647;
			files = (
				FF9C42C5262B590C004E1ABB /* RxGesture.xcframework in Frameworks */,
				FF1C381C261B4D4400DF4BBB /* RxRelay.xcframework in Frameworks */,
				FF1C3826261B4D6B00DF4BBB /* RxCocoa.xcframework in Frameworks */,
				FF1C3812261B4D1300DF4BBB /* RxSwift.xcframework in Frameworks */,
				FF1C3807261B4CFB00DF4BBB /* SnapKit.xcframework in Frameworks */,
			);
			runOnlyForDeploymentPostprocessing = 0;
		};
		FF1C378D261A47DC00DF4BBB /* Frameworks */ = {
			isa = PBXFrameworksBuildPhase;
			buildActionMask = 2147483647;
			files = (
			);
			runOnlyForDeploymentPostprocessing = 0;
		};
		FF1C3798261A47DC00DF4BBB /* Frameworks */ = {
			isa = PBXFrameworksBuildPhase;
			buildActionMask = 2147483647;
			files = (
			);
			runOnlyForDeploymentPostprocessing = 0;
		};
/* End PBXFrameworksBuildPhase section */

/* Begin PBXGroup section */
		FF1C3771261A47DB00DF4BBB = {
			isa = PBXGroup;
			children = (
				FF1C377C261A47DB00DF4BBB /* Faith */,
				FF1C3793261A47DC00DF4BBB /* FaithTests */,
				FF1C379E261A47DC00DF4BBB /* FaithUITests */,
				FF1C377B261A47DB00DF4BBB /* Products */,
				FF1C37BE261A55B700DF4BBB /* Frameworks */,
			);
			sourceTree = "<group>";
		};
		FF1C377B261A47DB00DF4BBB /* Products */ = {
			isa = PBXGroup;
			children = (
				FF1C377A261A47DB00DF4BBB /* Faith.app */,
				FF1C3790261A47DC00DF4BBB /* FaithTests.xctest */,
				FF1C379B261A47DC00DF4BBB /* FaithUITests.xctest */,
			);
			name = Products;
			sourceTree = "<group>";
		};
		FF1C377C261A47DB00DF4BBB /* Faith */ = {
			isa = PBXGroup;
			children = (
				FF9C42BD26237D93004E1ABB /* Consts */,
				FF7B35B2261BA4270013A77E /* bible */,
				FF1C3831261B58AF00DF4BBB /* dataSource */,
				FF1C382A261B56C900DF4BBB /* models */,
				FF1C37FB261A663C00DF4BBB /* rosary */,
				FF1C37B4261A4B9400DF4BBB /* main */,
				FF1C37B0261A4AE300DF4BBB /* global */,
				FF1C3786261A47DC00DF4BBB /* Assets.xcassets */,
				FF1C378B261A47DC00DF4BBB /* Info.plist */,
			);
			path = Faith;
			sourceTree = "<group>";
		};
		FF1C3793261A47DC00DF4BBB /* FaithTests */ = {
			isa = PBXGroup;
			children = (
				FF1C3794261A47DC00DF4BBB /* FaithTests.swift */,
				FF1C3796261A47DC00DF4BBB /* Info.plist */,
			);
			path = FaithTests;
			sourceTree = "<group>";
		};
		FF1C379E261A47DC00DF4BBB /* FaithUITests */ = {
			isa = PBXGroup;
			children = (
				FF1C379F261A47DC00DF4BBB /* FaithUITests.swift */,
				FF1C37A1261A47DC00DF4BBB /* Info.plist */,
			);
			path = FaithUITests;
			sourceTree = "<group>";
		};
		FF1C37B0261A4AE300DF4BBB /* global */ = {
			isa = PBXGroup;
			children = (
				FF1C3788261A47DC00DF4BBB /* LaunchScreen.storyboard */,
				FF1C377D261A47DB00DF4BBB /* AppDelegate.swift */,
				FF1C377F261A47DB00DF4BBB /* SceneDelegate.swift */,
				FF7B35AC261B9FE30013A77E /* AppSettings.swift */,
				FF9DC823261CA23B0010A339 /* AppInitializator.swift */,
			);
			path = global;
			sourceTree = "<group>";
		};
		FF1C37B4261A4B9400DF4BBB /* main */ = {
			isa = PBXGroup;
			children = (
				FF1C3781261A47DB00DF4BBB /* MainFaithViewController.swift */,
			);
			path = main;
			sourceTree = "<group>";
		};
		FF1C37BE261A55B700DF4BBB /* Frameworks */ = {
			isa = PBXGroup;
			children = (
				FF9C42C4262B590C004E1ABB /* RxGesture.xcframework */,
				FF1C37C5261A560400DF4BBB /* RxCocoa.xcframework */,
				FF1C37C8261A560400DF4BBB /* RxDataSources.xcframework */,
				FF1C37C7261A560400DF4BBB /* RxRelay.xcframework */,
				FF1C37C6261A560400DF4BBB /* RxSwift.xcframework */,
				FF1C37BF261A55B700DF4BBB /* SnapKit.xcframework */,
			);
			name = Frameworks;
			sourceTree = "<group>";
		};
		FF1C37FB261A663C00DF4BBB /* rosary */ = {
			isa = PBXGroup;
			children = (
				FF1C37FC261A667800DF4BBB /* RosaryViewController.swift */,
			);
			path = rosary;
			sourceTree = "<group>";
		};
		FF1C382A261B56C900DF4BBB /* models */ = {
			isa = PBXGroup;
			children = (
				FF1C382B261B56EC00DF4BBB /* BibleModel.swift */,
				FF5E526C261B80DE0048E786 /* BibleTranslationModel.swift */,
				FF5E5274261B86B80048E786 /* BibleBooksModel.swift */,
				FF5E527C261B89340048E786 /* BibleGenreModel.swift */,
			);
			path = models;
			sourceTree = "<group>";
		};
		FF1C3831261B58AF00DF4BBB /* dataSource */ = {
			isa = PBXGroup;
			children = (
				FF5E525F261B7E950048E786 /* data */,
				FF5E5257261B7D460048E786 /* BibleDataSourceInterface.swift */,
				FF5E525B261B7D6E0048E786 /* BibleDataSource.swift */,
				FF5E5284261B91240048E786 /* LoadData.swift */,
			);
			path = dataSource;
			sourceTree = "<group>";
		};
		FF5E525F261B7E950048E786 /* data */ = {
			isa = PBXGroup;
			children = (
				FF5E5280261B8A2A0048E786 /* key_genre_english.json */,
				FF5E5278261B88A60048E786 /* key_english.json */,
				FF5E5270261B81B80048E786 /* bible_version_key.json */,
				FF5E5261261B7EBC0048E786 /* t_asv.json */,
				FF5E5260261B7EBC0048E786 /* t_bbe.json */,
				FF1C3832261B591000DF4BBB /* t_kjv.json */,
				FF5E5266261B7ECD0048E786 /* t_web.json */,
				FF5E5267261B7ECD0048E786 /* t_ylt.json */,
			);
			path = data;
			sourceTree = "<group>";
		};
		FF7B35B2261BA4270013A77E /* bible */ = {
			isa = PBXGroup;
			children = (
				FF9C42A426223126004E1ABB /* verses */,
				FF7B35B9261BA5CF0013A77E /* BibleInterfaces.swift */,
				FF7B35BD261BA5E10013A77E /* BiblePresenter.swift */,
				FF7B35C1261BA5F20013A77E /* BibleRouter.swift */,
				FF7B35C5261BA6080013A77E /* BibleInteractor.swift */,
				FF7B35C9261BA61A0013A77E /* BibleConfigurator.swift */,
				FF7B35B3261BA4480013A77E /* BibleViewController.swift */,
				FF7B35CD261BA6790013A77E /* BibleView.swift */,
				FF9C42B326237543004E1ABB /* BibleNavigatorController.swift */,
				FF9C42AD2622585E004E1ABB /* GenreBooksTableCellView.swift */,
				FF9C42B926237902004E1ABB /* GenreBooksSectionHeaderView.swift */,
			);
			path = bible;
			sourceTree = "<group>";
		};
		FF9C42A426223126004E1ABB /* verses */ = {
			isa = PBXGroup;
			children = (
			);
			path = verses;
			sourceTree = "<group>";
		};
		FF9C42BD26237D93004E1ABB /* Consts */ = {
			isa = PBXGroup;
			children = (
				FF9C42BE26237DB3004E1ABB /* FaithFonts.swift */,
			);
			path = Consts;
			sourceTree = "<group>";
		};
/* End PBXGroup section */

/* Begin PBXNativeTarget section */
		FF1C3779261A47DB00DF4BBB /* Faith */ = {
			isa = PBXNativeTarget;
			buildConfigurationList = FF1C37A4261A47DC00DF4BBB /* Build configuration list for PBXNativeTarget "Faith" */;
			buildPhases = (
				FF1C3776261A47DB00DF4BBB /* Sources */,
				FF1C3777261A47DB00DF4BBB /* Frameworks */,
				FF1C3778261A47DB00DF4BBB /* Resources */,
				FF1C37D3261A56CD00DF4BBB /* Carthage */,
				FF1C3809261B4CFB00DF4BBB /* Embed Frameworks */,
			);
			buildRules = (
			);
			dependencies = (
			);
			name = Faith;
			productName = Faith;
			productReference = FF1C377A261A47DB00DF4BBB /* Faith.app */;
			productType = "com.apple.product-type.application";
		};
		FF1C378F261A47DC00DF4BBB /* FaithTests */ = {
			isa = PBXNativeTarget;
			buildConfigurationList = FF1C37A7261A47DC00DF4BBB /* Build configuration list for PBXNativeTarget "FaithTests" */;
			buildPhases = (
				FF1C378C261A47DC00DF4BBB /* Sources */,
				FF1C378D261A47DC00DF4BBB /* Frameworks */,
				FF1C378E261A47DC00DF4BBB /* Resources */,
			);
			buildRules = (
			);
			dependencies = (
				FF1C3792261A47DC00DF4BBB /* PBXTargetDependency */,
			);
			name = FaithTests;
			productName = FaithTests;
			productReference = FF1C3790261A47DC00DF4BBB /* FaithTests.xctest */;
			productType = "com.apple.product-type.bundle.unit-test";
		};
		FF1C379A261A47DC00DF4BBB /* FaithUITests */ = {
			isa = PBXNativeTarget;
			buildConfigurationList = FF1C37AA261A47DC00DF4BBB /* Build configuration list for PBXNativeTarget "FaithUITests" */;
			buildPhases = (
				FF1C3797261A47DC00DF4BBB /* Sources */,
				FF1C3798261A47DC00DF4BBB /* Frameworks */,
				FF1C3799261A47DC00DF4BBB /* Resources */,
			);
			buildRules = (
			);
			dependencies = (
				FF1C379D261A47DC00DF4BBB /* PBXTargetDependency */,
			);
			name = FaithUITests;
			productName = FaithUITests;
			productReference = FF1C379B261A47DC00DF4BBB /* FaithUITests.xctest */;
			productType = "com.apple.product-type.bundle.ui-testing";
		};
/* End PBXNativeTarget section */

/* Begin PBXProject section */
		FF1C3772261A47DB00DF4BBB /* Project object */ = {
			isa = PBXProject;
			attributes = {
				LastSwiftUpdateCheck = 1240;
				LastUpgradeCheck = 1240;
				TargetAttributes = {
					FF1C3779261A47DB00DF4BBB = {
						CreatedOnToolsVersion = 12.4;
					};
					FF1C378F261A47DC00DF4BBB = {
						CreatedOnToolsVersion = 12.4;
						TestTargetID = FF1C3779261A47DB00DF4BBB;
					};
					FF1C379A261A47DC00DF4BBB = {
						CreatedOnToolsVersion = 12.4;
						TestTargetID = FF1C3779261A47DB00DF4BBB;
					};
				};
			};
			buildConfigurationList = FF1C3775261A47DB00DF4BBB /* Build configuration list for PBXProject "Faith" */;
			compatibilityVersion = "Xcode 9.3";
			developmentRegion = en;
			hasScannedForEncodings = 0;
			knownRegions = (
				en,
				Base,
			);
			mainGroup = FF1C3771261A47DB00DF4BBB;
			productRefGroup = FF1C377B261A47DB00DF4BBB /* Products */;
			projectDirPath = "";
			projectRoot = "";
			targets = (
				FF1C3779261A47DB00DF4BBB /* Faith */,
				FF1C378F261A47DC00DF4BBB /* FaithTests */,
				FF1C379A261A47DC00DF4BBB /* FaithUITests */,
			);
		};
/* End PBXProject section */

/* Begin PBXResourcesBuildPhase section */
		FF1C3778261A47DB00DF4BBB /* Resources */ = {
			isa = PBXResourcesBuildPhase;
			buildActionMask = 2147483647;
			files = (
				FF5E5269261B7ECD0048E786 /* t_ylt.json in Resources */,
				FF5E5279261B88A60048E786 /* key_english.json in Resources */,
				FF5E5281261B8A2A0048E786 /* key_genre_english.json in Resources */,
				FF5E5271261B81B80048E786 /* bible_version_key.json in Resources */,
				FF1C378A261A47DC00DF4BBB /* LaunchScreen.storyboard in Resources */,
				FF1C3787261A47DC00DF4BBB /* Assets.xcassets in Resources */,
				FF5E5263261B7EBC0048E786 /* t_asv.json in Resources */,
				FF5E5262261B7EBC0048E786 /* t_bbe.json in Resources */,
				FF1C3833261B591000DF4BBB /* t_kjv.json in Resources */,
				FF5E5268261B7ECD0048E786 /* t_web.json in Resources */,
			);
			runOnlyForDeploymentPostprocessing = 0;
		};
		FF1C378E261A47DC00DF4BBB /* Resources */ = {
			isa = PBXResourcesBuildPhase;
			buildActionMask = 2147483647;
			files = (
			);
			runOnlyForDeploymentPostprocessing = 0;
		};
		FF1C3799261A47DC00DF4BBB /* Resources */ = {
			isa = PBXResourcesBuildPhase;
			buildActionMask = 2147483647;
			files = (
			);
			runOnlyForDeploymentPostprocessing = 0;
		};
/* End PBXResourcesBuildPhase section */

/* Begin PBXShellScriptBuildPhase section */
		FF1C37D3261A56CD00DF4BBB /* Carthage */ = {
			isa = PBXShellScriptBuildPhase;
			buildActionMask = 8;
			files = (
			);
			inputFileListPaths = (
			);
			inputPaths = (
			);
			name = Carthage;
			outputFileListPaths = (
			);
			outputPaths = (
			);
			runOnlyForDeploymentPostprocessing = 1;
			shellPath = /bin/sh;
			shellScript = "/usr/local/bin/carthage outdated --xcode-warnings 2>/dev/null\n";
		};
/* End PBXShellScriptBuildPhase section */

/* Begin PBXSourcesBuildPhase section */
		FF1C3776261A47DB00DF4BBB /* Sources */ = {
			isa = PBXSourcesBuildPhase;
			buildActionMask = 2147483647;
			files = (
				FF5E525C261B7D6E0048E786 /* BibleDataSource.swift in Sources */,
				FF1C37FD261A667800DF4BBB /* RosaryViewController.swift in Sources */,
				FF7B35AD261B9FE30013A77E /* AppSettings.swift in Sources */,
				FF1C3782261A47DB00DF4BBB /* MainFaithViewController.swift in Sources */,
				FF1C382C261B56EC00DF4BBB /* BibleModel.swift in Sources */,
				FF9C42B426237543004E1ABB /* BibleNavigatorController.swift in Sources */,
				FF9C42AE2622585E004E1ABB /* GenreBooksTableCellView.swift in Sources */,
				FF7B35B4261BA4480013A77E /* BibleViewController.swift in Sources */,
				FF5E5275261B86B80048E786 /* BibleBooksModel.swift in Sources */,
				FF9C42BF26237DB3004E1ABB /* FaithFonts.swift in Sources */,
				FF9C42BA26237902004E1ABB /* GenreBooksSectionHeaderView.swift in Sources */,
				FF5E526D261B80DE0048E786 /* BibleTranslationModel.swift in Sources */,
				FF7B35C6261BA6080013A77E /* BibleInteractor.swift in Sources */,
				FF9DC824261CA23B0010A339 /* AppInitializator.swift in Sources */,
				FF7B35CE261BA6790013A77E /* BibleView.swift in Sources */,
				FF7B35CA261BA61A0013A77E /* BibleConfigurator.swift in Sources */,
				FF7B35BA261BA5CF0013A77E /* BibleInterfaces.swift in Sources */,
				FF5E5285261B91240048E786 /* LoadData.swift in Sources */,
				FF5E5258261B7D460048E786 /* BibleDataSourceInterface.swift in Sources */,
				FF7B35C2261BA5F20013A77E /* BibleRouter.swift in Sources */,
				FF1C377E261A47DB00DF4BBB /* AppDelegate.swift in Sources */,
				FF7B35BE261BA5E10013A77E /* BiblePresenter.swift in Sources */,
				FF5E527D261B89340048E786 /* BibleGenreModel.swift in Sources */,
				FF1C3780261A47DB00DF4BBB /* SceneDelegate.swift in Sources */,
			);
			runOnlyForDeploymentPostprocessing = 0;
		};
		FF1C378C261A47DC00DF4BBB /* Sources */ = {
			isa = PBXSourcesBuildPhase;
			buildActionMask = 2147483647;
			files = (
				FF1C3795261A47DC00DF4BBB /* FaithTests.swift in Sources */,
			);
			runOnlyForDeploymentPostprocessing = 0;
		};
		FF1C3797261A47DC00DF4BBB /* Sources */ = {
			isa = PBXSourcesBuildPhase;
			buildActionMask = 2147483647;
			files = (
				FF1C37A0261A47DC00DF4BBB /* FaithUITests.swift in Sources */,
			);
			runOnlyForDeploymentPostprocessing = 0;
		};
/* End PBXSourcesBuildPhase section */

/* Begin PBXTargetDependency section */
		FF1C3792261A47DC00DF4BBB /* PBXTargetDependency */ = {
			isa = PBXTargetDependency;
			target = FF1C3779261A47DB00DF4BBB /* Faith */;
			targetProxy = FF1C3791261A47DC00DF4BBB /* PBXContainerItemProxy */;
		};
		FF1C379D261A47DC00DF4BBB /* PBXTargetDependency */ = {
			isa = PBXTargetDependency;
			target = FF1C3779261A47DB00DF4BBB /* Faith */;
			targetProxy = FF1C379C261A47DC00DF4BBB /* PBXContainerItemProxy */;
		};
/* End PBXTargetDependency section */

/* Begin PBXVariantGroup section */
		FF1C3788261A47DC00DF4BBB /* LaunchScreen.storyboard */ = {
			isa = PBXVariantGroup;
			children = (
				FF1C3789261A47DC00DF4BBB /* Base */,
			);
			name = LaunchScreen.storyboard;
			sourceTree = "<group>";
		};
/* End PBXVariantGroup section */

/* Begin XCBuildConfiguration section */
		FF1C37A2261A47DC00DF4BBB /* Debug */ = {
			isa = XCBuildConfiguration;
			buildSettings = {
				ALWAYS_SEARCH_USER_PATHS = NO;
				CLANG_ANALYZER_NONNULL = YES;
				CLANG_ANALYZER_NUMBER_OBJECT_CONVERSION = YES_AGGRESSIVE;
				CLANG_CXX_LANGUAGE_STANDARD = "gnu++14";
				CLANG_CXX_LIBRARY = "libc++";
				CLANG_ENABLE_MODULES = YES;
				CLANG_ENABLE_OBJC_ARC = YES;
				CLANG_ENABLE_OBJC_WEAK = YES;
				CLANG_WARN_BLOCK_CAPTURE_AUTORELEASING = YES;
				CLANG_WARN_BOOL_CONVERSION = YES;
				CLANG_WARN_COMMA = YES;
				CLANG_WARN_CONSTANT_CONVERSION = YES;
				CLANG_WARN_DEPRECATED_OBJC_IMPLEMENTATIONS = YES;
				CLANG_WARN_DIRECT_OBJC_ISA_USAGE = YES_ERROR;
				CLANG_WARN_DOCUMENTATION_COMMENTS = YES;
				CLANG_WARN_EMPTY_BODY = YES;
				CLANG_WARN_ENUM_CONVERSION = YES;
				CLANG_WARN_INFINITE_RECURSION = YES;
				CLANG_WARN_INT_CONVERSION = YES;
				CLANG_WARN_NON_LITERAL_NULL_CONVERSION = YES;
				CLANG_WARN_OBJC_IMPLICIT_RETAIN_SELF = YES;
				CLANG_WARN_OBJC_LITERAL_CONVERSION = YES;
				CLANG_WARN_OBJC_ROOT_CLASS = YES_ERROR;
				CLANG_WARN_QUOTED_INCLUDE_IN_FRAMEWORK_HEADER = YES;
				CLANG_WARN_RANGE_LOOP_ANALYSIS = YES;
				CLANG_WARN_STRICT_PROTOTYPES = YES;
				CLANG_WARN_SUSPICIOUS_MOVE = YES;
				CLANG_WARN_UNGUARDED_AVAILABILITY = YES_AGGRESSIVE;
				CLANG_WARN_UNREACHABLE_CODE = YES;
				CLANG_WARN__DUPLICATE_METHOD_MATCH = YES;
				COPY_PHASE_STRIP = NO;
				DEBUG_INFORMATION_FORMAT = dwarf;
				ENABLE_STRICT_OBJC_MSGSEND = YES;
				ENABLE_TESTABILITY = YES;
				GCC_C_LANGUAGE_STANDARD = gnu11;
				GCC_DYNAMIC_NO_PIC = NO;
				GCC_NO_COMMON_BLOCKS = YES;
				GCC_OPTIMIZATION_LEVEL = 0;
				GCC_PREPROCESSOR_DEFINITIONS = (
					"DEBUG=1",
					"$(inherited)",
				);
				GCC_WARN_64_TO_32_BIT_CONVERSION = YES;
				GCC_WARN_ABOUT_RETURN_TYPE = YES_ERROR;
				GCC_WARN_UNDECLARED_SELECTOR = YES;
				GCC_WARN_UNINITIALIZED_AUTOS = YES_AGGRESSIVE;
				GCC_WARN_UNUSED_FUNCTION = YES;
				GCC_WARN_UNUSED_VARIABLE = YES;
				IPHONEOS_DEPLOYMENT_TARGET = 14.4;
				MTL_ENABLE_DEBUG_INFO = INCLUDE_SOURCE;
				MTL_FAST_MATH = YES;
				ONLY_ACTIVE_ARCH = YES;
				SDKROOT = iphoneos;
				SWIFT_ACTIVE_COMPILATION_CONDITIONS = DEBUG;
				SWIFT_OPTIMIZATION_LEVEL = "-Onone";
			};
			name = Debug;
		};
		FF1C37A3261A47DC00DF4BBB /* Release */ = {
			isa = XCBuildConfiguration;
			buildSettings = {
				ALWAYS_SEARCH_USER_PATHS = NO;
				CLANG_ANALYZER_NONNULL = YES;
				CLANG_ANALYZER_NUMBER_OBJECT_CONVERSION = YES_AGGRESSIVE;
				CLANG_CXX_LANGUAGE_STANDARD = "gnu++14";
				CLANG_CXX_LIBRARY = "libc++";
				CLANG_ENABLE_MODULES = YES;
				CLANG_ENABLE_OBJC_ARC = YES;
				CLANG_ENABLE_OBJC_WEAK = YES;
				CLANG_WARN_BLOCK_CAPTURE_AUTORELEASING = YES;
				CLANG_WARN_BOOL_CONVERSION = YES;
				CLANG_WARN_COMMA = YES;
				CLANG_WARN_CONSTANT_CONVERSION = YES;
				CLANG_WARN_DEPRECATED_OBJC_IMPLEMENTATIONS = YES;
				CLANG_WARN_DIRECT_OBJC_ISA_USAGE = YES_ERROR;
				CLANG_WARN_DOCUMENTATION_COMMENTS = YES;
				CLANG_WARN_EMPTY_BODY = YES;
				CLANG_WARN_ENUM_CONVERSION = YES;
				CLANG_WARN_INFINITE_RECURSION = YES;
				CLANG_WARN_INT_CONVERSION = YES;
				CLANG_WARN_NON_LITERAL_NULL_CONVERSION = YES;
				CLANG_WARN_OBJC_IMPLICIT_RETAIN_SELF = YES;
				CLANG_WARN_OBJC_LITERAL_CONVERSION = YES;
				CLANG_WARN_OBJC_ROOT_CLASS = YES_ERROR;
				CLANG_WARN_QUOTED_INCLUDE_IN_FRAMEWORK_HEADER = YES;
				CLANG_WARN_RANGE_LOOP_ANALYSIS = YES;
				CLANG_WARN_STRICT_PROTOTYPES = YES;
				CLANG_WARN_SUSPICIOUS_MOVE = YES;
				CLANG_WARN_UNGUARDED_AVAILABILITY = YES_AGGRESSIVE;
				CLANG_WARN_UNREACHABLE_CODE = YES;
				CLANG_WARN__DUPLICATE_METHOD_MATCH = YES;
				COPY_PHASE_STRIP = NO;
				DEBUG_INFORMATION_FORMAT = "dwarf-with-dsym";
				ENABLE_NS_ASSERTIONS = NO;
				ENABLE_STRICT_OBJC_MSGSEND = YES;
				GCC_C_LANGUAGE_STANDARD = gnu11;
				GCC_NO_COMMON_BLOCKS = YES;
				GCC_WARN_64_TO_32_BIT_CONVERSION = YES;
				GCC_WARN_ABOUT_RETURN_TYPE = YES_ERROR;
				GCC_WARN_UNDECLARED_SELECTOR = YES;
				GCC_WARN_UNINITIALIZED_AUTOS = YES_AGGRESSIVE;
				GCC_WARN_UNUSED_FUNCTION = YES;
				GCC_WARN_UNUSED_VARIABLE = YES;
				IPHONEOS_DEPLOYMENT_TARGET = 14.4;
				MTL_ENABLE_DEBUG_INFO = NO;
				MTL_FAST_MATH = YES;
				SDKROOT = iphoneos;
				SWIFT_COMPILATION_MODE = wholemodule;
				SWIFT_OPTIMIZATION_LEVEL = "-O";
				VALIDATE_PRODUCT = YES;
			};
			name = Release;
		};
		FF1C37A5261A47DC00DF4BBB /* Debug */ = {
			isa = XCBuildConfiguration;
			buildSettings = {
				ASSETCATALOG_COMPILER_APPICON_NAME = AppIcon;
				ASSETCATALOG_COMPILER_GLOBAL_ACCENT_COLOR_NAME = AccentColor;
				CODE_SIGN_IDENTITY = "Apple Development";
				CODE_SIGN_STYLE = Automatic;
				DEVELOPMENT_TEAM = JMMW48F6X4;
				INFOPLIST_FILE = Faith/Info.plist;
				LD_RUNPATH_SEARCH_PATHS = (
					"$(inherited)",
					"@executable_path/Frameworks",
				);
				PRODUCT_BUNDLE_IDENTIFIER = ios.piron.faith.Faith;
				PRODUCT_NAME = "$(TARGET_NAME)";
				PROVISIONING_PROFILE_SPECIFIER = "";
				SWIFT_VERSION = 5.0;
				TARGETED_DEVICE_FAMILY = "1,2";
			};
			name = Debug;
		};
		FF1C37A6261A47DC00DF4BBB /* Release */ = {
			isa = XCBuildConfiguration;
			buildSettings = {
				ASSETCATALOG_COMPILER_APPICON_NAME = AppIcon;
				ASSETCATALOG_COMPILER_GLOBAL_ACCENT_COLOR_NAME = AccentColor;
				CODE_SIGN_IDENTITY = "Apple Development";
				CODE_SIGN_STYLE = Automatic;
				DEVELOPMENT_TEAM = JMMW48F6X4;
				INFOPLIST_FILE = Faith/Info.plist;
				LD_RUNPATH_SEARCH_PATHS = (
					"$(inherited)",
					"@executable_path/Frameworks",
				);
				PRODUCT_BUNDLE_IDENTIFIER = ios.piron.faith.Faith;
				PRODUCT_NAME = "$(TARGET_NAME)";
				PROVISIONING_PROFILE_SPECIFIER = "";
				SWIFT_VERSION = 5.0;
				TARGETED_DEVICE_FAMILY = "1,2";
			};
			name = Release;
		};
		FF1C37A8261A47DC00DF4BBB /* Debug */ = {
			isa = XCBuildConfiguration;
			buildSettings = {
				ALWAYS_EMBED_SWIFT_STANDARD_LIBRARIES = YES;
				BUNDLE_LOADER = "$(TEST_HOST)";
				CODE_SIGN_STYLE = Automatic;
				DEVELOPMENT_TEAM = JMMW48F6X4;
				INFOPLIST_FILE = FaithTests/Info.plist;
				IPHONEOS_DEPLOYMENT_TARGET = 14.4;
				LD_RUNPATH_SEARCH_PATHS = (
					"$(inherited)",
					"@executable_path/Frameworks",
					"@loader_path/Frameworks",
				);
				PRODUCT_BUNDLE_IDENTIFIER = ios.piron.faith.FaithTests;
				PRODUCT_NAME = "$(TARGET_NAME)";
				SWIFT_VERSION = 5.0;
				TARGETED_DEVICE_FAMILY = "1,2";
				TEST_HOST = "$(BUILT_PRODUCTS_DIR)/Faith.app/Faith";
			};
			name = Debug;
		};
		FF1C37A9261A47DC00DF4BBB /* Release */ = {
			isa = XCBuildConfiguration;
			buildSettings = {
				ALWAYS_EMBED_SWIFT_STANDARD_LIBRARIES = YES;
				BUNDLE_LOADER = "$(TEST_HOST)";
				CODE_SIGN_STYLE = Automatic;
				DEVELOPMENT_TEAM = JMMW48F6X4;
				INFOPLIST_FILE = FaithTests/Info.plist;
				IPHONEOS_DEPLOYMENT_TARGET = 14.4;
				LD_RUNPATH_SEARCH_PATHS = (
					"$(inherited)",
					"@executable_path/Frameworks",
					"@loader_path/Frameworks",
				);
				PRODUCT_BUNDLE_IDENTIFIER = ios.piron.faith.FaithTests;
				PRODUCT_NAME = "$(TARGET_NAME)";
				SWIFT_VERSION = 5.0;
				TARGETED_DEVICE_FAMILY = "1,2";
				TEST_HOST = "$(BUILT_PRODUCTS_DIR)/Faith.app/Faith";
			};
			name = Release;
		};
		FF1C37AB261A47DC00DF4BBB /* Debug */ = {
			isa = XCBuildConfiguration;
			buildSettings = {
				ALWAYS_EMBED_SWIFT_STANDARD_LIBRARIES = YES;
				CODE_SIGN_STYLE = Automatic;
				DEVELOPMENT_TEAM = JMMW48F6X4;
				INFOPLIST_FILE = FaithUITests/Info.plist;
				LD_RUNPATH_SEARCH_PATHS = (
					"$(inherited)",
					"@executable_path/Frameworks",
					"@loader_path/Frameworks",
				);
				PRODUCT_BUNDLE_IDENTIFIER = ios.piron.faith.FaithUITests;
				PRODUCT_NAME = "$(TARGET_NAME)";
				SWIFT_VERSION = 5.0;
				TARGETED_DEVICE_FAMILY = "1,2";
				TEST_TARGET_NAME = Faith;
			};
			name = Debug;
		};
		FF1C37AC261A47DC00DF4BBB /* Release */ = {
			isa = XCBuildConfiguration;
			buildSettings = {
				ALWAYS_EMBED_SWIFT_STANDARD_LIBRARIES = YES;
				CODE_SIGN_STYLE = Automatic;
				DEVELOPMENT_TEAM = JMMW48F6X4;
				INFOPLIST_FILE = FaithUITests/Info.plist;
				LD_RUNPATH_SEARCH_PATHS = (
					"$(inherited)",
					"@executable_path/Frameworks",
					"@loader_path/Frameworks",
				);
				PRODUCT_BUNDLE_IDENTIFIER = ios.piron.faith.FaithUITests;
				PRODUCT_NAME = "$(TARGET_NAME)";
				SWIFT_VERSION = 5.0;
				TARGETED_DEVICE_FAMILY = "1,2";
				TEST_TARGET_NAME = Faith;
			};
			name = Release;
		};
/* End XCBuildConfiguration section */

/* Begin XCConfigurationList section */
		FF1C3775261A47DB00DF4BBB /* Build configuration list for PBXProject "Faith" */ = {
			isa = XCConfigurationList;
			buildConfigurations = (
				FF1C37A2261A47DC00DF4BBB /* Debug */,
				FF1C37A3261A47DC00DF4BBB /* Release */,
			);
			defaultConfigurationIsVisible = 0;
			defaultConfigurationName = Release;
		};
		FF1C37A4261A47DC00DF4BBB /* Build configuration list for PBXNativeTarget "Faith" */ = {
			isa = XCConfigurationList;
			buildConfigurations = (
				FF1C37A5261A47DC00DF4BBB /* Debug */,
				FF1C37A6261A47DC00DF4BBB /* Release */,
			);
			defaultConfigurationIsVisible = 0;
			defaultConfigurationName = Release;
		};
		FF1C37A7261A47DC00DF4BBB /* Build configuration list for PBXNativeTarget "FaithTests" */ = {
			isa = XCConfigurationList;
			buildConfigurations = (
				FF1C37A8261A47DC00DF4BBB /* Debug */,
				FF1C37A9261A47DC00DF4BBB /* Release */,
			);
			defaultConfigurationIsVisible = 0;
			defaultConfigurationName = Release;
		};
		FF1C37AA261A47DC00DF4BBB /* Build configuration list for PBXNativeTarget "FaithUITests" */ = {
			isa = XCConfigurationList;
			buildConfigurations = (
				FF1C37AB261A47DC00DF4BBB /* Debug */,
				FF1C37AC261A47DC00DF4BBB /* Release */,
			);
			defaultConfigurationIsVisible = 0;
			defaultConfigurationName = Release;
		};
/* End XCConfigurationList section */
	};
	rootObject = FF1C3772261A47DB00DF4BBB /* Project object */;
}
